<?xml version="1.0" encoding="utf-8"?>
<Project ToolsVersion="4.0" xmlns="http://schemas.microsoft.com/developer/msbuild/2003">
  <ItemGroup>
    <Filter Include="소스 파일">
      <UniqueIdentifier>{4FC737F1-C7A5-4376-A066-2A32D752A2FF}</UniqueIdentifier>
      <Extensions>cpp;c;cc;cxx;c++;cppm;ixx;def;odl;idl;hpj;bat;asm;asmx</Extensions>
    </Filter>
    <Filter Include="헤더 파일">
      <UniqueIdentifier>{93995380-89BD-4b04-88EB-625FBE52EBFB}</UniqueIdentifier>
      <Extensions>h;hh;hpp;hxx;h++;hm;inl;inc;ipp;xsd</Extensions>
    </Filter>
    <Filter Include="리소스 파일">
      <UniqueIdentifier>{67DA6AB6-F800-4c08-8B7A-83BB121AAD01}</UniqueIdentifier>
      <Extensions>rc;ico;cur;bmp;dlg;rc2;rct;bin;rgs;gif;jpg;jpeg;jpe;resx;tiff;tif;png;wav;mfcribbon-ms</Extensions>
    </Filter>
  </ItemGroup>
  <ItemGroup>
    <ClInclude Include="resource.h">
      <Filter>헤더 파일</Filter>
    </ClInclude>
    <ClInclude Include="ComicZipViewerFrame.h">
      <Filter>헤더 파일</Filter>
    </ClInclude>
    <ClInclude Include="framework.h">
      <Filter>헤더 파일</Filter>
    </ClInclude>
    <ClInclude Include="ComicZipViewer.h">
      <Filter>헤더 파일</Filter>
    </ClInclude>
    <ClInclude Include="View.h">
      <Filter>헤더 파일</Filter>
    </ClInclude>
    <ClInclude Include="Model.h">
      <Filter>헤더 파일</Filter>
    </ClInclude>
    <ClInclude Include="PageCollectionZip.h">
      <Filter>헤더 파일</Filter>
    </ClInclude>
    <ClInclude Include="PageCollection.h">
      <Filter>헤더 파일</Filter>
    </ClInclude>
    <ClInclude Include="IBuffer.h">
      <Filter>헤더 파일</Filter>
    </ClInclude>
    <ClInclude Include="IAllocator.h">
      <Filter>헤더 파일</Filter>
    </ClInclude>
    <ClInclude Include="SimpleBuffer.h">
      <Filter>헤더 파일</Filter>
    </ClInclude>
    <ClInclude Include="NaturalSortOrder.h">
      <Filter>헤더 파일</Filter>
    </ClInclude>
    <ClInclude Include="VisualWidget.h">
      <Filter>헤더 파일</Filter>
    </ClInclude>
    <ClInclude Include="RadioButtonGroup.h">
      <Filter>헤더 파일</Filter>
    </ClInclude>
    <ClInclude Include="BookmarksDialog.h">
      <Filter>헤더 파일</Filter>
    </ClInclude>
    <ClInclude Include="ToastSystem.h">
      <Filter>헤더 파일</Filter>
    </ClInclude>
    <ClInclude Include="tick.h">
      <Filter>헤더 파일</Filter>
    </ClInclude>
  </ItemGroup>
  <ItemGroup>
    <ClCompile Include="ComicZipViewer.cpp">
      <Filter>소스 파일</Filter>
    </ClCompile>
    <ClCompile Include="ComicZipViewerFrame.cpp">
      <Filter>소스 파일</Filter>
    </ClCompile>
    <ClCompile Include="View.cpp">
      <Filter>소스 파일</Filter>
    </ClCompile>
    <ClCompile Include="Model.cpp">
      <Filter>소스 파일</Filter>
    </ClCompile>
    <ClCompile Include="PageCollectionZip.cpp">
      <Filter>소스 파일</Filter>
    </ClCompile>
    <ClCompile Include="PageCollection.cpp">
      <Filter>소스 파일</Filter>
    </ClCompile>
    <ClCompile Include="IBuffer.cpp">
      <Filter>소스 파일</Filter>
    </ClCompile>
    <ClCompile Include="IAllocator.cpp">
      <Filter>소스 파일</Filter>
    </ClCompile>
    <ClCompile Include="SimpleBuffer.cpp">
      <Filter>소스 파일</Filter>
    </ClCompile>
    <ClCompile Include="NaturalSortOrder.cpp">
      <Filter>소스 파일</Filter>
    </ClCompile>
    <ClCompile Include="VisualWidget.cpp">
      <Filter>소스 파일</Filter>
    </ClCompile>
    <ClCompile Include="RadioButtonGroup.cpp">
      <Filter>소스 파일</Filter>
    </ClCompile>
    <ClCompile Include="BookmarksDialog.cpp">
      <Filter>소스 파일</Filter>
    </ClCompile>
    <ClCompile Include="ToastSystem.cpp">
      <Filter>소스 파일</Filter>
    </ClCompile>
  </ItemGroup>
  <ItemGroup>
    <ResourceCompile Include="ComicZipViewer.rc">
      <Filter>리소스 파일</Filter>
    </ResourceCompile>
  </ItemGroup>
  <ItemGroup>
    <None Include="arrow-fit-width-svgrepo-com.svg">
      <Filter>리소스 파일</Filter>
    </None>
    <None Include="scale-fit-svgrepo-com.svg">
      <Filter>리소스 파일</Filter>
    </None>
    <None Include="page-svgrepo-com.svg">
      <Filter>리소스 파일</Filter>
    </None>
    <None Include="text-bullet-list-square-svgrepo-com.svg">
      <Filter>리소스 파일</Filter>
    </None>
    <None Include="star-svgrepo-com.svg">
      <Filter>리소스 파일</Filter>
    </None>
    <None Include="page-fit-svgrepo-com.svg">
      <Filter>리소스 파일</Filter>
    </None>
    <None Include="arrow-next-svgrepo-com.svg">
      <Filter>리소스 파일</Filter>
    </None>
    <None Include="arrow-previous-svgrepo-com.svg">
      <Filter>리소스 파일</Filter>
    </None>
    <None Include="rcdata1.bin">
      <Filter>리소스 파일</Filter>
    </None>
    <None Include="star-line-svgrepo-com.svg" />
  </ItemGroup>
  <ItemGroup>
    <FxCompile Include="CS_RGB24_TO_RGBA32.hlsl">
      <Filter>리소스 파일</Filter>
    </FxCompile>
    <FxCompile Include="CS_RGB24_W_ALPHA_TO_RGBA32.hlsl">
      <Filter>리소스 파일</Filter>
    </FxCompile>
  </ItemGroup>
</Project>